
Microsoft Visual Studio Solution File, Format Version 12.00
# Visual Studio Version 17
VisualStudioVersion = 17.0.31903.59
MinimumVisualStudioVersion = 10.0.40219.1
Project("{2150E333-8FDC-42A3-9474-1A3956D46DE8}") = "src", "src", "{827E0CD3-B72D-47B6-A68D-7590B98EB39B}"
EndProject
Project("{FAE04EC0-301F-11D3-BF4B-00C04F79EFBC}") = "ProjectF.Tables", "src\ProjectF.Tables\ProjectF.Tables.csproj", "{BBC766B7-067F-43FD-84C0-EEA092CB2490}"
EndProject
Project("{FAE04EC0-301F-11D3-BF4B-00C04F79EFBC}") = "ProjectF.Lib", "src\ProjectF.Lib\ProjectF.Lib.csproj", "{F8987EEE-5DAD-4442-B8B6-A7E9500E9E3E}"
EndProject
Project("{FAE04EC0-301F-11D3-BF4B-00C04F79EFBC}") = "ProjectF.Lib.Tests", "src\ProjectF.Lib.Tests\ProjectF.Lib.Tests.csproj", "{A59BADD1-290F-4BF5-AC42-CA860AAA7F2C}"
EndProject
Project("{FAE04EC0-301F-11D3-BF4B-00C04F79EFBC}") = "ProjectF.Shared", "src\ProjectF.Shared\ProjectF.Shared.csproj", "{D653ECC8-99F1-44EB-990E-584F007802EF}"
EndProject
Project("{FAE04EC0-301F-11D3-BF4B-00C04F79EFBC}") = "ProjectF.SeedNode", "src\ProjectF.SeedNode\ProjectF.SeedNode.csproj", "{0C972B05-4B01-449E-B4FE-CB2DB5BFC663}"
EndProject
Project("{FAE04EC0-301F-11D3-BF4B-00C04F79EFBC}") = "ProjectF.HubServer", "src\ProjectF.HubServer\ProjectF.HubServer.csproj", "{CBCA675C-3176-49DD-A715-40400C81FFDC}"
EndProject
Global
	GlobalSection(SolutionConfigurationPlatforms) = preSolution
		Debug|Any CPU = Debug|Any CPU
		Debug|x64 = Debug|x64
		Debug|x86 = Debug|x86
		Release|Any CPU = Release|Any CPU
		Release|x64 = Release|x64
		Release|x86 = Release|x86
	EndGlobalSection
	GlobalSection(ProjectConfigurationPlatforms) = postSolution
		{BBC766B7-067F-43FD-84C0-EEA092CB2490}.Debug|Any CPU.ActiveCfg = Debug|Any CPU
		{BBC766B7-067F-43FD-84C0-EEA092CB2490}.Debug|Any CPU.Build.0 = Debug|Any CPU
		{BBC766B7-067F-43FD-84C0-EEA092CB2490}.Debug|x64.ActiveCfg = Debug|Any CPU
		{BBC766B7-067F-43FD-84C0-EEA092CB2490}.Debug|x64.Build.0 = Debug|Any CPU
		{BBC766B7-067F-43FD-84C0-EEA092CB2490}.Debug|x86.ActiveCfg = Debug|Any CPU
		{BBC766B7-067F-43FD-84C0-EEA092CB2490}.Debug|x86.Build.0 = Debug|Any CPU
		{BBC766B7-067F-43FD-84C0-EEA092CB2490}.Release|Any CPU.ActiveCfg = Release|Any CPU
		{BBC766B7-067F-43FD-84C0-EEA092CB2490}.Release|Any CPU.Build.0 = Release|Any CPU
		{BBC766B7-067F-43FD-84C0-EEA092CB2490}.Release|x64.ActiveCfg = Release|Any CPU
		{BBC766B7-067F-43FD-84C0-EEA092CB2490}.Release|x64.Build.0 = Release|Any CPU
		{BBC766B7-067F-43FD-84C0-EEA092CB2490}.Release|x86.ActiveCfg = Release|Any CPU
		{BBC766B7-067F-43FD-84C0-EEA092CB2490}.Release|x86.Build.0 = Release|Any CPU
		{F8987EEE-5DAD-4442-B8B6-A7E9500E9E3E}.Debug|Any CPU.ActiveCfg = Debug|Any CPU
		{F8987EEE-5DAD-4442-B8B6-A7E9500E9E3E}.Debug|Any CPU.Build.0 = Debug|Any CPU
		{F8987EEE-5DAD-4442-B8B6-A7E9500E9E3E}.Debug|x64.ActiveCfg = Debug|Any CPU
		{F8987EEE-5DAD-4442-B8B6-A7E9500E9E3E}.Debug|x64.Build.0 = Debug|Any CPU
		{F8987EEE-5DAD-4442-B8B6-A7E9500E9E3E}.Debug|x86.ActiveCfg = Debug|Any CPU
		{F8987EEE-5DAD-4442-B8B6-A7E9500E9E3E}.Debug|x86.Build.0 = Debug|Any CPU
		{F8987EEE-5DAD-4442-B8B6-A7E9500E9E3E}.Release|Any CPU.ActiveCfg = Release|Any CPU
		{F8987EEE-5DAD-4442-B8B6-A7E9500E9E3E}.Release|Any CPU.Build.0 = Release|Any CPU
		{F8987EEE-5DAD-4442-B8B6-A7E9500E9E3E}.Release|x64.ActiveCfg = Release|Any CPU
		{F8987EEE-5DAD-4442-B8B6-A7E9500E9E3E}.Release|x64.Build.0 = Release|Any CPU
		{F8987EEE-5DAD-4442-B8B6-A7E9500E9E3E}.Release|x86.ActiveCfg = Release|Any CPU
		{F8987EEE-5DAD-4442-B8B6-A7E9500E9E3E}.Release|x86.Build.0 = Release|Any CPU
		{A59BADD1-290F-4BF5-AC42-CA860AAA7F2C}.Debug|Any CPU.ActiveCfg = Debug|Any CPU
		{A59BADD1-290F-4BF5-AC42-CA860AAA7F2C}.Debug|Any CPU.Build.0 = Debug|Any CPU
		{A59BADD1-290F-4BF5-AC42-CA860AAA7F2C}.Debug|x64.ActiveCfg = Debug|Any CPU
		{A59BADD1-290F-4BF5-AC42-CA860AAA7F2C}.Debug|x64.Build.0 = Debug|Any CPU
		{A59BADD1-290F-4BF5-AC42-CA860AAA7F2C}.Debug|x86.ActiveCfg = Debug|Any CPU
		{A59BADD1-290F-4BF5-AC42-CA860AAA7F2C}.Debug|x86.Build.0 = Debug|Any CPU
		{A59BADD1-290F-4BF5-AC42-CA860AAA7F2C}.Release|Any CPU.ActiveCfg = Release|Any CPU
		{A59BADD1-290F-4BF5-AC42-CA860AAA7F2C}.Release|Any CPU.Build.0 = Release|Any CPU
		{A59BADD1-290F-4BF5-AC42-CA860AAA7F2C}.Release|x64.ActiveCfg = Release|Any CPU
		{A59BADD1-290F-4BF5-AC42-CA860AAA7F2C}.Release|x64.Build.0 = Release|Any CPU
		{A59BADD1-290F-4BF5-AC42-CA860AAA7F2C}.Release|x86.ActiveCfg = Release|Any CPU
		{A59BADD1-290F-4BF5-AC42-CA860AAA7F2C}.Release|x86.Build.0 = Release|Any CPU
		{D653ECC8-99F1-44EB-990E-584F007802EF}.Debug|Any CPU.ActiveCfg = Debug|Any CPU
		{D653ECC8-99F1-44EB-990E-584F007802EF}.Debug|Any CPU.Build.0 = Debug|Any CPU
		{D653ECC8-99F1-44EB-990E-584F007802EF}.Debug|x64.ActiveCfg = Debug|Any CPU
		{D653ECC8-99F1-44EB-990E-584F007802EF}.Debug|x64.Build.0 = Debug|Any CPU
		{D653ECC8-99F1-44EB-990E-584F007802EF}.Debug|x86.ActiveCfg = Debug|Any CPU
		{D653ECC8-99F1-44EB-990E-584F007802EF}.Debug|x86.Build.0 = Debug|Any CPU
		{D653ECC8-99F1-44EB-990E-584F007802EF}.Release|Any CPU.ActiveCfg = Release|Any CPU
		{D653ECC8-99F1-44EB-990E-584F007802EF}.Release|Any CPU.Build.0 = Release|Any CPU
		{D653ECC8-99F1-44EB-990E-584F007802EF}.Release|x64.ActiveCfg = Release|Any CPU
		{D653ECC8-99F1-44EB-990E-584F007802EF}.Release|x64.Build.0 = Release|Any CPU
		{D653ECC8-99F1-44EB-990E-584F007802EF}.Release|x86.ActiveCfg = Release|Any CPU
		{D653ECC8-99F1-44EB-990E-584F007802EF}.Release|x86.Build.0 = Release|Any CPU
		{0C972B05-4B01-449E-B4FE-CB2DB5BFC663}.Debug|Any CPU.ActiveCfg = Debug|Any CPU
		{0C972B05-4B01-449E-B4FE-CB2DB5BFC663}.Debug|Any CPU.Build.0 = Debug|Any CPU
		{0C972B05-4B01-449E-B4FE-CB2DB5BFC663}.Debug|x64.ActiveCfg = Debug|Any CPU
		{0C972B05-4B01-449E-B4FE-CB2DB5BFC663}.Debug|x64.Build.0 = Debug|Any CPU
		{0C972B05-4B01-449E-B4FE-CB2DB5BFC663}.Debug|x86.ActiveCfg = Debug|Any CPU
		{0C972B05-4B01-449E-B4FE-CB2DB5BFC663}.Debug|x86.Build.0 = Debug|Any CPU
		{0C972B05-4B01-449E-B4FE-CB2DB5BFC663}.Release|Any CPU.ActiveCfg = Release|Any CPU
		{0C972B05-4B01-449E-B4FE-CB2DB5BFC663}.Release|Any CPU.Build.0 = Release|Any CPU
		{0C972B05-4B01-449E-B4FE-CB2DB5BFC663}.Release|x64.ActiveCfg = Release|Any CPU
		{0C972B05-4B01-449E-B4FE-CB2DB5BFC663}.Release|x64.Build.0 = Release|Any CPU
		{0C972B05-4B01-449E-B4FE-CB2DB5BFC663}.Release|x86.ActiveCfg = Release|Any CPU
		{0C972B05-4B01-449E-B4FE-CB2DB5BFC663}.Release|x86.Build.0 = Release|Any CPU
		{CBCA675C-3176-49DD-A715-40400C81FFDC}.Debug|Any CPU.ActiveCfg = Debug|Any CPU
		{CBCA675C-3176-49DD-A715-40400C81FFDC}.Debug|Any CPU.Build.0 = Debug|Any CPU
		{CBCA675C-3176-49DD-A715-40400C81FFDC}.Debug|x64.ActiveCfg = Debug|Any CPU
		{CBCA675C-3176-49DD-A715-40400C81FFDC}.Debug|x64.Build.0 = Debug|Any CPU
		{CBCA675C-3176-49DD-A715-40400C81FFDC}.Debug|x86.ActiveCfg = Debug|Any CPU
		{CBCA675C-3176-49DD-A715-40400C81FFDC}.Debug|x86.Build.0 = Debug|Any CPU
		{CBCA675C-3176-49DD-A715-40400C81FFDC}.Release|Any CPU.ActiveCfg = Release|Any CPU
		{CBCA675C-3176-49DD-A715-40400C81FFDC}.Release|Any CPU.Build.0 = Release|Any CPU
		{CBCA675C-3176-49DD-A715-40400C81FFDC}.Release|x64.ActiveCfg = Release|Any CPU
		{CBCA675C-3176-49DD-A715-40400C81FFDC}.Release|x64.Build.0 = Release|Any CPU
		{CBCA675C-3176-49DD-A715-40400C81FFDC}.Release|x86.ActiveCfg = Release|Any CPU
		{CBCA675C-3176-49DD-A715-40400C81FFDC}.Release|x86.Build.0 = Release|Any CPU
	EndGlobalSection
	GlobalSection(SolutionProperties) = preSolution
		HideSolutionNode = FALSE
	EndGlobalSection
	GlobalSection(NestedProjects) = preSolution
		{BBC766B7-067F-43FD-84C0-EEA092CB2490} = {827E0CD3-B72D-47B6-A68D-7590B98EB39B}
		{F8987EEE-5DAD-4442-B8B6-A7E9500E9E3E} = {827E0CD3-B72D-47B6-A68D-7590B98EB39B}
		{A59BADD1-290F-4BF5-AC42-CA860AAA7F2C} = {827E0CD3-B72D-47B6-A68D-7590B98EB39B}
		{D653ECC8-99F1-44EB-990E-584F007802EF} = {827E0CD3-B72D-47B6-A68D-7590B98EB39B}
		{0C972B05-4B01-449E-B4FE-CB2DB5BFC663} = {827E0CD3-B72D-47B6-A68D-7590B98EB39B}
		{CBCA675C-3176-49DD-A715-40400C81FFDC} = {827E0CD3-B72D-47B6-A68D-7590B98EB39B}
	EndGlobalSection
EndGlobal
